
Microsoft Visual Studio Solution File, Format Version 12.00
# Visual Studio Version 17
VisualStudioVersion = 17.13.35931.197
MinimumVisualStudioVersion = 10.0.40219.1
Project("{FAE04EC0-301F-11D3-BF4B-00C04F79EFBC}") = "Order.API", "API\Order.API.csproj", "{B01A4745-2424-4EB4-A5C8-C4AC894A7C66}"
EndProject
Project("{FAE04EC0-301F-11D3-BF4B-00C04F79EFBC}") = "Order.Domain", "Test.Domain\Order.Domain.csproj", "{816A3FB0-60C6-47CB-B7B1-D162FE1A9A70}"
EndProject
Project("{FAE04EC0-301F-11D3-BF4B-00C04F79EFBC}") = "Order.Infrastructure", "Test.Infrastructure\Order.Infrastructure.csproj", "{D3D57122-45F9-40AE-A6BD-0226E158AEBB}"
EndProject
Project("{FAE04EC0-301F-11D3-BF4B-00C04F79EFBC}") = "Order.Application", "Test.Application\Order.Application.csproj", "{05ADCD4D-5D3D-4590-A30C-32C9E5AC4BF6}"
EndProject
Project("{2150E333-8FDC-42A3-9474-1A3956D46DE8}") = "BuildingBlocks", "BuildingBlocks", "{02EA681E-C7D8-13C7-8484-4AC65E1B71E8}"
EndProject
Project("{FAE04EC0-301F-11D3-BF4B-00C04F79EFBC}") = "BuildingBlocks.Model", "BuildingBlocks\BuildingBlocks.Model\BuildingBlocks.Model.csproj", "{15659BD8-18AA-4EBF-8692-A5EC1A6B1A23}"
EndProject
Project("{2150E333-8FDC-42A3-9474-1A3956D46DE8}") = "Services", "Services", "{7181926E-B161-43D2-9ED1-3DD6232F600D}"
EndProject
Project("{2150E333-8FDC-42A3-9474-1A3956D46DE8}") = "Notification", "Notification", "{71215274-EE3E-42B9-9A7E-EB10697AF943}"
EndProject
Project("{FAE04EC0-301F-11D3-BF4B-00C04F79EFBC}") = "Notification.Consumer", "Services\Notification\Notification.Consumer\Notification.Consumer.csproj", "{1A13C0AD-C627-4956-B5AC-247CCE641A47}"
EndProject
Project("{2150E333-8FDC-42A3-9474-1A3956D46DE8}") = "Order", "Order", "{AC94E80E-AE7A-4DCE-829F-26D30F38B58D}"
EndProject
Project("{2150E333-8FDC-42A3-9474-1A3956D46DE8}") = "Product", "Product", "{3ED7A8E6-220F-4F54-AB94-362CCBF7AC77}"
EndProject
Project("{FAE04EC0-301F-11D3-BF4B-00C04F79EFBC}") = "Product.Domain", "Services\Product\Product.Domain\Product.Domain.csproj", "{E4ACCA1B-578D-4F45-A6FD-4590978B0855}"
EndProject
Project("{FAE04EC0-301F-11D3-BF4B-00C04F79EFBC}") = "Product.API", "Services\Product\Product.API\Product.API.csproj", "{219C7EDE-8D98-4B39-A5E4-01B62A4F2FFE}"
EndProject
Project("{FAE04EC0-301F-11D3-BF4B-00C04F79EFBC}") = "Product.Infrastructure", "Services\Product\Product.Infrastructure\Product.Infrastructure.csproj", "{BF701CA4-0389-4CCE-97EA-BAA8A101201F}"
EndProject
Project("{FAE04EC0-301F-11D3-BF4B-00C04F79EFBC}") = "BuildingBlocks.Utilities", "BuildingBlocks\BuildingBlocks.Utilities\BuildingBlocks.Utilities.csproj", "{D46B196E-B606-42CB-8AD2-84AEE92DCAC5}"
EndProject
Global
	GlobalSection(SolutionConfigurationPlatforms) = preSolution
		Debug|Any CPU = Debug|Any CPU
		Release|Any CPU = Release|Any CPU
	EndGlobalSection
	GlobalSection(ProjectConfigurationPlatforms) = postSolution
		{B01A4745-2424-4EB4-A5C8-C4AC894A7C66}.Debug|Any CPU.ActiveCfg = Debug|Any CPU
		{B01A4745-2424-4EB4-A5C8-C4AC894A7C66}.Debug|Any CPU.Build.0 = Debug|Any CPU
		{B01A4745-2424-4EB4-A5C8-C4AC894A7C66}.Release|Any CPU.ActiveCfg = Release|Any CPU
		{B01A4745-2424-4EB4-A5C8-C4AC894A7C66}.Release|Any CPU.Build.0 = Release|Any CPU
		{816A3FB0-60C6-47CB-B7B1-D162FE1A9A70}.Debug|Any CPU.ActiveCfg = Debug|Any CPU
		{816A3FB0-60C6-47CB-B7B1-D162FE1A9A70}.Debug|Any CPU.Build.0 = Debug|Any CPU
		{816A3FB0-60C6-47CB-B7B1-D162FE1A9A70}.Release|Any CPU.ActiveCfg = Release|Any CPU
		{816A3FB0-60C6-47CB-B7B1-D162FE1A9A70}.Release|Any CPU.Build.0 = Release|Any CPU
		{D3D57122-45F9-40AE-A6BD-0226E158AEBB}.Debug|Any CPU.ActiveCfg = Debug|Any CPU
		{D3D57122-45F9-40AE-A6BD-0226E158AEBB}.Debug|Any CPU.Build.0 = Debug|Any CPU
		{D3D57122-45F9-40AE-A6BD-0226E158AEBB}.Release|Any CPU.ActiveCfg = Release|Any CPU
		{D3D57122-45F9-40AE-A6BD-0226E158AEBB}.Release|Any CPU.Build.0 = Release|Any CPU
		{05ADCD4D-5D3D-4590-A30C-32C9E5AC4BF6}.Debug|Any CPU.ActiveCfg = Debug|Any CPU
		{05ADCD4D-5D3D-4590-A30C-32C9E5AC4BF6}.Debug|Any CPU.Build.0 = Debug|Any CPU
		{05ADCD4D-5D3D-4590-A30C-32C9E5AC4BF6}.Release|Any CPU.ActiveCfg = Release|Any CPU
		{05ADCD4D-5D3D-4590-A30C-32C9E5AC4BF6}.Release|Any CPU.Build.0 = Release|Any CPU
		{15659BD8-18AA-4EBF-8692-A5EC1A6B1A23}.Debug|Any CPU.ActiveCfg = Debug|Any CPU
		{15659BD8-18AA-4EBF-8692-A5EC1A6B1A23}.Debug|Any CPU.Build.0 = Debug|Any CPU
		{15659BD8-18AA-4EBF-8692-A5EC1A6B1A23}.Release|Any CPU.ActiveCfg = Release|Any CPU
		{15659BD8-18AA-4EBF-8692-A5EC1A6B1A23}.Release|Any CPU.Build.0 = Release|Any CPU
		{1A13C0AD-C627-4956-B5AC-247CCE641A47}.Debug|Any CPU.ActiveCfg = Debug|Any CPU
		{1A13C0AD-C627-4956-B5AC-247CCE641A47}.Debug|Any CPU.Build.0 = Debug|Any CPU
		{1A13C0AD-C627-4956-B5AC-247CCE641A47}.Release|Any CPU.ActiveCfg = Release|Any CPU
		{1A13C0AD-C627-4956-B5AC-247CCE641A47}.Release|Any CPU.Build.0 = Release|Any CPU
		{E4ACCA1B-578D-4F45-A6FD-4590978B0855}.Debug|Any CPU.ActiveCfg = Debug|Any CPU
		{E4ACCA1B-578D-4F45-A6FD-4590978B0855}.Debug|Any CPU.Build.0 = Debug|Any CPU
		{E4ACCA1B-578D-4F45-A6FD-4590978B0855}.Release|Any CPU.ActiveCfg = Release|Any CPU
		{E4ACCA1B-578D-4F45-A6FD-4590978B0855}.Release|Any CPU.Build.0 = Release|Any CPU
		{219C7EDE-8D98-4B39-A5E4-01B62A4F2FFE}.Debug|Any CPU.ActiveCfg = Debug|Any CPU
		{219C7EDE-8D98-4B39-A5E4-01B62A4F2FFE}.Debug|Any CPU.Build.0 = Debug|Any CPU
		{219C7EDE-8D98-4B39-A5E4-01B62A4F2FFE}.Release|Any CPU.ActiveCfg = Release|Any CPU
		{219C7EDE-8D98-4B39-A5E4-01B62A4F2FFE}.Release|Any CPU.Build.0 = Release|Any CPU
		{BF701CA4-0389-4CCE-97EA-BAA8A101201F}.Debug|Any CPU.ActiveCfg = Debug|Any CPU
		{BF701CA4-0389-4CCE-97EA-BAA8A101201F}.Debug|Any CPU.Build.0 = Debug|Any CPU
		{BF701CA4-0389-4CCE-97EA-BAA8A101201F}.Release|Any CPU.ActiveCfg = Release|Any CPU
		{BF701CA4-0389-4CCE-97EA-BAA8A101201F}.Release|Any CPU.Build.0 = Release|Any CPU
		{D46B196E-B606-42CB-8AD2-84AEE92DCAC5}.Debug|Any CPU.ActiveCfg = Debug|Any CPU
		{D46B196E-B606-42CB-8AD2-84AEE92DCAC5}.Debug|Any CPU.Build.0 = Debug|Any CPU
		{D46B196E-B606-42CB-8AD2-84AEE92DCAC5}.Release|Any CPU.ActiveCfg = Release|Any CPU
		{D46B196E-B606-42CB-8AD2-84AEE92DCAC5}.Release|Any CPU.Build.0 = Release|Any CPU
	EndGlobalSection
	GlobalSection(SolutionProperties) = preSolution
		HideSolutionNode = FALSE
	EndGlobalSection
	GlobalSection(NestedProjects) = preSolution
		{B01A4745-2424-4EB4-A5C8-C4AC894A7C66} = {AC94E80E-AE7A-4DCE-829F-26D30F38B58D}
		{816A3FB0-60C6-47CB-B7B1-D162FE1A9A70} = {AC94E80E-AE7A-4DCE-829F-26D30F38B58D}
		{D3D57122-45F9-40AE-A6BD-0226E158AEBB} = {AC94E80E-AE7A-4DCE-829F-26D30F38B58D}
		{05ADCD4D-5D3D-4590-A30C-32C9E5AC4BF6} = {AC94E80E-AE7A-4DCE-829F-26D30F38B58D}
		{15659BD8-18AA-4EBF-8692-A5EC1A6B1A23} = {02EA681E-C7D8-13C7-8484-4AC65E1B71E8}
		{71215274-EE3E-42B9-9A7E-EB10697AF943} = {7181926E-B161-43D2-9ED1-3DD6232F600D}
		{1A13C0AD-C627-4956-B5AC-247CCE641A47} = {71215274-EE3E-42B9-9A7E-EB10697AF943}
		{AC94E80E-AE7A-4DCE-829F-26D30F38B58D} = {7181926E-B161-43D2-9ED1-3DD6232F600D}
		{3ED7A8E6-220F-4F54-AB94-362CCBF7AC77} = {7181926E-B161-43D2-9ED1-3DD6232F600D}
		{E4ACCA1B-578D-4F45-A6FD-4590978B0855} = {3ED7A8E6-220F-4F54-AB94-362CCBF7AC77}
		{219C7EDE-8D98-4B39-A5E4-01B62A4F2FFE} = {3ED7A8E6-220F-4F54-AB94-362CCBF7AC77}
		{BF701CA4-0389-4CCE-97EA-BAA8A101201F} = {3ED7A8E6-220F-4F54-AB94-362CCBF7AC77}
		{D46B196E-B606-42CB-8AD2-84AEE92DCAC5} = {02EA681E-C7D8-13C7-8484-4AC65E1B71E8}
	EndGlobalSection
	GlobalSection(ExtensibilityGlobals) = postSolution
		SolutionGuid = {3AB21A8D-AD52-4255-8F58-C16D469CC452}
	EndGlobalSection
EndGlobal
